
Microsoft Visual Studio Solution File, Format Version 12.00
# Visual Studio Version 16
VisualStudioVersion = 16.0.32106.194
MinimumVisualStudioVersion = 10.0.40219.1
Project("{8BC9CEB8-8B4A-11D0-8D11-00A0C91BC942}") = "Pokemon Battle Engine", "Pokemon Battle Engine.vcxproj", "{76332886-8AC2-4962-BB3F-FB9C7943BEA5}"
EndProject
Global
	GlobalSection(SolutionConfigurationPlatforms) = preSolution
		Debug|x64 = Debug|x64
		Debug|x86 = Debug|x86
		Release|x64 = Release|x64
		Release|x86 = Release|x86
	EndGlobalSection
	GlobalSection(ProjectConfigurationPlatforms) = postSolution
		{76332886-8AC2-4962-BB3F-FB9C7943BEA5}.Debug|x64.ActiveCfg = Debug|x64
		{76332886-8AC2-4962-BB3F-FB9C7943BEA5}.Debug|x64.Build.0 = Debug|x64
		{76332886-8AC2-4962-BB3F-FB9C7943BEA5}.Debug|x86.ActiveCfg = Debug|Win32
		{76332886-8AC2-4962-BB3F-FB9C7943BEA5}.Debug|x86.Build.0 = Debug|Win32
		{76332886-8AC2-4962-BB3F-FB9C7943BEA5}.Release|x64.ActiveCfg = Release|x64
		{76332886-8AC2-4962-BB3F-FB9C7943BEA5}.Release|x64.Build.0 = Release|x64
		{76332886-8AC2-4962-BB3F-FB9C7943BEA5}.Release|x86.ActiveCfg = Release|Win32
		{76332886-8AC2-4962-BB3F-FB9C7943BEA5}.Release|x86.Build.0 = Release|Win32
	EndGlobalSection
	GlobalSection(SolutionProperties) = preSolution
		HideSolutionNode = FALSE
	EndGlobalSection
	GlobalSection(ExtensibilityGlobals) = postSolution
		SolutionGuid = {1AA824F5-8CFD-4FD9-BE6A-4144DDF024C8}
	EndGlobalSection
EndGlobal
